// !$*UTF8*$!
{
	archiveVersion = 1;
	classes = {
	};
	objectVersion = 56;
	objects = {

/* Begin PBXBuildFile section */
		5B4F11092AB8AE20004219DD /* CreateSdkObjectView.swift in Sources */ = {isa = PBXBuildFile; fileRef = 5B4F11082AB8AE20004219DD /* CreateSdkObjectView.swift */; };
		5BC2DA1A2AA733CD0092273F /* FbAnalytics_iOSApp.swift in Sources */ = {isa = PBXBuildFile; fileRef = 5BC2DA192AA733CD0092273F /* FbAnalytics_iOSApp.swift */; };
		5BC2DA1C2AA733CD0092273F /* ContentView.swift in Sources */ = {isa = PBXBuildFile; fileRef = 5BC2DA1B2AA733CD0092273F /* ContentView.swift */; };
		5BC2DA1E2AA733CE0092273F /* Assets.xcassets in Resources */ = {isa = PBXBuildFile; fileRef = 5BC2DA1D2AA733CE0092273F /* Assets.xcassets */; };
		5BC2DA212AA733CE0092273F /* Preview Assets.xcassets in Resources */ = {isa = PBXBuildFile; fileRef = 5BC2DA202AA733CE0092273F /* Preview Assets.xcassets */; };
		5BC2DA862AA8B87D0092273F /* BasicFunctionalityView.swift in Sources */ = {isa = PBXBuildFile; fileRef = 5BC2DA832AA8B87D0092273F /* BasicFunctionalityView.swift */; };
		5BC2DA872AA8B87D0092273F /* InitializeSDKView.swift in Sources */ = {isa = PBXBuildFile; fileRef = 5BC2DA842AA8B87D0092273F /* InitializeSDKView.swift */; };
		5BC2DA882AA8B87D0092273F /* InquireConsentState.swift in Sources */ = {isa = PBXBuildFile; fileRef = 5BC2DA852AA8B87D0092273F /* InquireConsentState.swift */; };
		5BC2DA8B2AA9EF690092273F /* FacebookCore in Frameworks */ = {isa = PBXBuildFile; productRef = 5BC2DA8A2AA9EF690092273F /* FacebookCore */; };
/* End PBXBuildFile section */

/* Begin PBXFileReference section */
		5B1A4D282AB462A00032F82F /* Info.plist */ = {isa = PBXFileReference; fileEncoding = 4; lastKnownFileType = text.plist.xml; path = Info.plist; sourceTree = "<group>"; };
		5B4F11082AB8AE20004219DD /* CreateSdkObjectView.swift */ = {isa = PBXFileReference; lastKnownFileType = sourcecode.swift; path = CreateSdkObjectView.swift; sourceTree = "<group>"; };
		5BC2DA162AA733CD0092273F /* FbAnalytics_iOS.app */ = {isa = PBXFileReference; explicitFileType = wrapper.application; includeInIndex = 0; path = FbAnalytics_iOS.app; sourceTree = BUILT_PRODUCTS_DIR; };
		5BC2DA192AA733CD0092273F /* FbAnalytics_iOSApp.swift */ = {isa = PBXFileReference; lastKnownFileType = sourcecode.swift; path = FbAnalytics_iOSApp.swift; sourceTree = "<group>"; };
		5BC2DA1B2AA733CD0092273F /* ContentView.swift */ = {isa = PBXFileReference; lastKnownFileType = sourcecode.swift; path = ContentView.swift; sourceTree = "<group>"; };
		5BC2DA1D2AA733CE0092273F /* Assets.xcassets */ = {isa = PBXFileReference; lastKnownFileType = folder.assetcatalog; path = Assets.xcassets; sourceTree = "<group>"; };
		5BC2DA202AA733CE0092273F /* Preview Assets.xcassets */ = {isa = PBXFileReference; lastKnownFileType = folder.assetcatalog; path = "Preview Assets.xcassets"; sourceTree = "<group>"; };
		5BC2DA832AA8B87D0092273F /* BasicFunctionalityView.swift */ = {isa = PBXFileReference; fileEncoding = 4; lastKnownFileType = sourcecode.swift; path = BasicFunctionalityView.swift; sourceTree = "<group>"; };
		5BC2DA842AA8B87D0092273F /* InitializeSDKView.swift */ = {isa = PBXFileReference; fileEncoding = 4; lastKnownFileType = sourcecode.swift; path = InitializeSDKView.swift; sourceTree = "<group>"; };
		5BC2DA852AA8B87D0092273F /* InquireConsentState.swift */ = {isa = PBXFileReference; fileEncoding = 4; lastKnownFileType = sourcecode.swift; path = InquireConsentState.swift; sourceTree = "<group>"; };
/* End PBXFileReference section */

/* Begin PBXFrameworksBuildPhase section */
		5BC2DA132AA733CD0092273F /* Frameworks */ = {
			isa = PBXFrameworksBuildPhase;
			buildActionMask = 2147483647;
			files = (
				5BC2DA8B2AA9EF690092273F /* FacebookCore in Frameworks */,
			);
			runOnlyForDeploymentPostprocessing = 0;
		};
/* End PBXFrameworksBuildPhase section */

/* Begin PBXGroup section */
		5BC2DA0D2AA733CD0092273F = {
			isa = PBXGroup;
			children = (
				5B1A4D282AB462A00032F82F /* Info.plist */,
				5BC2DA182AA733CD0092273F /* FbAnalytics_iOS */,
				5BC2DA172AA733CD0092273F /* Products */,
			);
			sourceTree = "<group>";
		};
		5BC2DA172AA733CD0092273F /* Products */ = {
			isa = PBXGroup;
			children = (
				5BC2DA162AA733CD0092273F /* FbAnalytics_iOS.app */,
			);
			name = Products;
			sourceTree = "<group>";
		};
		5BC2DA182AA733CD0092273F /* FbAnalytics_iOS */ = {
			isa = PBXGroup;
			children = (
				5BC2DA192AA733CD0092273F /* FbAnalytics_iOSApp.swift */,
				5BC2DA1B2AA733CD0092273F /* ContentView.swift */,
				5BC2DA832AA8B87D0092273F /* BasicFunctionalityView.swift */,
				5BC2DA842AA8B87D0092273F /* InitializeSDKView.swift */,
				5BC2DA852AA8B87D0092273F /* InquireConsentState.swift */,
				5BC2DA1D2AA733CE0092273F /* Assets.xcassets */,
				5BC2DA1F2AA733CE0092273F /* Preview Content */,
				5B4F11082AB8AE20004219DD /* CreateSdkObjectView.swift */,
			);
			path = FbAnalytics_iOS;
			sourceTree = "<group>";
		};
		5BC2DA1F2AA733CE0092273F /* Preview Content */ = {
			isa = PBXGroup;
			children = (
				5BC2DA202AA733CE0092273F /* Preview Assets.xcassets */,
			);
			path = "Preview Content";
			sourceTree = "<group>";
		};
/* End PBXGroup section */

/* Begin PBXNativeTarget section */
		5BC2DA152AA733CD0092273F /* FbAnalytics_iOS */ = {
			isa = PBXNativeTarget;
			buildConfigurationList = 5BC2DA242AA733CF0092273F /* Build configuration list for PBXNativeTarget "FbAnalytics_iOS" */;
			buildPhases = (
				5BC2DA122AA733CD0092273F /* Sources */,
				5BC2DA132AA733CD0092273F /* Frameworks */,
				5BC2DA142AA733CD0092273F /* Resources */,
			);
			buildRules = (
			);
			dependencies = (
			);
			name = FbAnalytics_iOS;
			packageProductDependencies = (
				5BC2DA8A2AA9EF690092273F /* FacebookCore */,
			);
			productName = FbAnalytics_iOS;
			productReference = 5BC2DA162AA733CD0092273F /* FbAnalytics_iOS.app */;
			productType = "com.apple.product-type.application";
		};
/* End PBXNativeTarget section */

/* Begin PBXProject section */
		5BC2DA0E2AA733CD0092273F /* Project object */ = {
			isa = PBXProject;
			attributes = {
				BuildIndependentTargetsInParallel = 1;
				LastSwiftUpdateCheck = 1430;
				LastUpgradeCheck = 1500;
				TargetAttributes = {
					5BC2DA152AA733CD0092273F = {
						CreatedOnToolsVersion = 14.3.1;
					};
				};
			};
			buildConfigurationList = 5BC2DA112AA733CD0092273F /* Build configuration list for PBXProject "FbAnalytics_iOS" */;
			compatibilityVersion = "Xcode 14.0";
			developmentRegion = en;
			hasScannedForEncodings = 0;
			knownRegions = (
				en,
				Base,
			);
			mainGroup = 5BC2DA0D2AA733CD0092273F;
			packageReferences = (
				5BC2DA892AA9EF690092273F /* XCRemoteSwiftPackageReference "facebook-ios-sdk" */,
			);
			productRefGroup = 5BC2DA172AA733CD0092273F /* Products */;
			projectDirPath = "";
			projectRoot = "";
			targets = (
				5BC2DA152AA733CD0092273F /* FbAnalytics_iOS */,
			);
		};
/* End PBXProject section */

/* Begin PBXResourcesBuildPhase section */
		5BC2DA142AA733CD0092273F /* Resources */ = {
			isa = PBXResourcesBuildPhase;
			buildActionMask = 2147483647;
			files = (
				5BC2DA212AA733CE0092273F /* Preview Assets.xcassets in Resources */,
				5BC2DA1E2AA733CE0092273F /* Assets.xcassets in Resources */,
			);
			runOnlyForDeploymentPostprocessing = 0;
		};
/* End PBXResourcesBuildPhase section */

/* Begin PBXSourcesBuildPhase section */
		5BC2DA122AA733CD0092273F /* Sources */ = {
			isa = PBXSourcesBuildPhase;
			buildActionMask = 2147483647;
			files = (
				5BC2DA1C2AA733CD0092273F /* ContentView.swift in Sources */,
				5BC2DA882AA8B87D0092273F /* InquireConsentState.swift in Sources */,
				5BC2DA872AA8B87D0092273F /* InitializeSDKView.swift in Sources */,
				5BC2DA862AA8B87D0092273F /* BasicFunctionalityView.swift in Sources */,
				5B4F11092AB8AE20004219DD /* CreateSdkObjectView.swift in Sources */,
				5BC2DA1A2AA733CD0092273F /* FbAnalytics_iOSApp.swift in Sources */,
			);
			runOnlyForDeploymentPostprocessing = 0;
		};
/* End PBXSourcesBuildPhase section */

/* Begin XCBuildConfiguration section */
		5BC2DA222AA733CE0092273F /* Debug */ = {
			isa = XCBuildConfiguration;
			buildSettings = {
				ALWAYS_SEARCH_USER_PATHS = NO;
				CLANG_ANALYZER_NONNULL = YES;
				CLANG_ANALYZER_NUMBER_OBJECT_CONVERSION = YES_AGGRESSIVE;
				CLANG_CXX_LANGUAGE_STANDARD = "gnu++20";
				CLANG_ENABLE_MODULES = YES;
				CLANG_ENABLE_OBJC_ARC = YES;
				CLANG_ENABLE_OBJC_WEAK = YES;
				CLANG_WARN_BLOCK_CAPTURE_AUTORELEASING = YES;
				CLANG_WARN_BOOL_CONVERSION = YES;
				CLANG_WARN_COMMA = YES;
				CLANG_WARN_CONSTANT_CONVERSION = YES;
				CLANG_WARN_DEPRECATED_OBJC_IMPLEMENTATIONS = YES;
				CLANG_WARN_DIRECT_OBJC_ISA_USAGE = YES_ERROR;
				CLANG_WARN_DOCUMENTATION_COMMENTS = YES;
				CLANG_WARN_EMPTY_BODY = YES;
				CLANG_WARN_ENUM_CONVERSION = YES;
				CLANG_WARN_INFINITE_RECURSION = YES;
				CLANG_WARN_INT_CONVERSION = YES;
				CLANG_WARN_NON_LITERAL_NULL_CONVERSION = YES;
				CLANG_WARN_OBJC_IMPLICIT_RETAIN_SELF = YES;
				CLANG_WARN_OBJC_LITERAL_CONVERSION = YES;
				CLANG_WARN_OBJC_ROOT_CLASS = YES_ERROR;
				CLANG_WARN_QUOTED_INCLUDE_IN_FRAMEWORK_HEADER = YES;
				CLANG_WARN_RANGE_LOOP_ANALYSIS = YES;
				CLANG_WARN_STRICT_PROTOTYPES = YES;
				CLANG_WARN_SUSPICIOUS_MOVE = YES;
				CLANG_WARN_UNGUARDED_AVAILABILITY = YES_AGGRESSIVE;
				CLANG_WARN_UNREACHABLE_CODE = YES;
				CLANG_WARN__DUPLICATE_METHOD_MATCH = YES;
				COPY_PHASE_STRIP = NO;
				DEBUG_INFORMATION_FORMAT = dwarf;
				ENABLE_STRICT_OBJC_MSGSEND = YES;
				ENABLE_TESTABILITY = YES;
				ENABLE_USER_SCRIPT_SANDBOXING = YES;
				GCC_C_LANGUAGE_STANDARD = gnu11;
				GCC_DYNAMIC_NO_PIC = NO;
				GCC_NO_COMMON_BLOCKS = YES;
				GCC_OPTIMIZATION_LEVEL = 0;
				GCC_PREPROCESSOR_DEFINITIONS = (
					"DEBUG=1",
					"$(inherited)",
				);
				GCC_WARN_64_TO_32_BIT_CONVERSION = YES;
				GCC_WARN_ABOUT_RETURN_TYPE = YES_ERROR;
				GCC_WARN_UNDECLARED_SELECTOR = YES;
				GCC_WARN_UNINITIALIZED_AUTOS = YES_AGGRESSIVE;
				GCC_WARN_UNUSED_FUNCTION = YES;
				GCC_WARN_UNUSED_VARIABLE = YES;
				IPHONEOS_DEPLOYMENT_TARGET = 14.5;
				MTL_ENABLE_DEBUG_INFO = INCLUDE_SOURCE;
				MTL_FAST_MATH = YES;
				ONLY_ACTIVE_ARCH = YES;
				SDKROOT = iphoneos;
				SWIFT_ACTIVE_COMPILATION_CONDITIONS = DEBUG;
				SWIFT_OPTIMIZATION_LEVEL = "-Onone";
			};
			name = Debug;
		};
		5BC2DA232AA733CF0092273F /* Release */ = {
			isa = XCBuildConfiguration;
			buildSettings = {
				ALWAYS_SEARCH_USER_PATHS = NO;
				CLANG_ANALYZER_NONNULL = YES;
				CLANG_ANALYZER_NUMBER_OBJECT_CONVERSION = YES_AGGRESSIVE;
				CLANG_CXX_LANGUAGE_STANDARD = "gnu++20";
				CLANG_ENABLE_MODULES = YES;
				CLANG_ENABLE_OBJC_ARC = YES;
				CLANG_ENABLE_OBJC_WEAK = YES;
				CLANG_WARN_BLOCK_CAPTURE_AUTORELEASING = YES;
				CLANG_WARN_BOOL_CONVERSION = YES;
				CLANG_WARN_COMMA = YES;
				CLANG_WARN_CONSTANT_CONVERSION = YES;
				CLANG_WARN_DEPRECATED_OBJC_IMPLEMENTATIONS = YES;
				CLANG_WARN_DIRECT_OBJC_ISA_USAGE = YES_ERROR;
				CLANG_WARN_DOCUMENTATION_COMMENTS = YES;
				CLANG_WARN_EMPTY_BODY = YES;
				CLANG_WARN_ENUM_CONVERSION = YES;
				CLANG_WARN_INFINITE_RECURSION = YES;
				CLANG_WARN_INT_CONVERSION = YES;
				CLANG_WARN_NON_LITERAL_NULL_CONVERSION = YES;
				CLANG_WARN_OBJC_IMPLICIT_RETAIN_SELF = YES;
				CLANG_WARN_OBJC_LITERAL_CONVERSION = YES;
				CLANG_WARN_OBJC_ROOT_CLASS = YES_ERROR;
				CLANG_WARN_QUOTED_INCLUDE_IN_FRAMEWORK_HEADER = YES;
				CLANG_WARN_RANGE_LOOP_ANALYSIS = YES;
				CLANG_WARN_STRICT_PROTOTYPES = YES;
				CLANG_WARN_SUSPICIOUS_MOVE = YES;
				CLANG_WARN_UNGUARDED_AVAILABILITY = YES_AGGRESSIVE;
				CLANG_WARN_UNREACHABLE_CODE = YES;
				CLANG_WARN__DUPLICATE_METHOD_MATCH = YES;
				COPY_PHASE_STRIP = NO;
				DEBUG_INFORMATION_FORMAT = "dwarf-with-dsym";
				ENABLE_NS_ASSERTIONS = NO;
				ENABLE_STRICT_OBJC_MSGSEND = YES;
				ENABLE_USER_SCRIPT_SANDBOXING = YES;
				GCC_C_LANGUAGE_STANDARD = gnu11;
				GCC_NO_COMMON_BLOCKS = YES;
				GCC_WARN_64_TO_32_BIT_CONVERSION = YES;
				GCC_WARN_ABOUT_RETURN_TYPE = YES_ERROR;
				GCC_WARN_UNDECLARED_SELECTOR = YES;
				GCC_WARN_UNINITIALIZED_AUTOS = YES_AGGRESSIVE;
				GCC_WARN_UNUSED_FUNCTION = YES;
				GCC_WARN_UNUSED_VARIABLE = YES;
				IPHONEOS_DEPLOYMENT_TARGET = 14.5;
				MTL_ENABLE_DEBUG_INFO = NO;
				MTL_FAST_MATH = YES;
				SDKROOT = iphoneos;
				SWIFT_COMPILATION_MODE = wholemodule;
				SWIFT_OPTIMIZATION_LEVEL = "-O";
				VALIDATE_PRODUCT = YES;
			};
			name = Release;
		};
		5BC2DA252AA733CF0092273F /* Debug */ = {
			isa = XCBuildConfiguration;
			buildSettings = {
				ASSETCATALOG_COMPILER_APPICON_NAME = AppIcon;
				ASSETCATALOG_COMPILER_GLOBAL_ACCENT_COLOR_NAME = AccentColor;
				CODE_SIGN_STYLE = Automatic;
				CURRENT_PROJECT_VERSION = 1;
				DEVELOPMENT_ASSET_PATHS = "\"FbAnalytics_iOS/Preview Content\"";
				DEVELOPMENT_TEAM = HZ2922XJM2;
				ENABLE_PREVIEWS = YES;
				GENERATE_INFOPLIST_FILE = YES;
				"INFOPLIST_FILE[sdk=*]" = Info.plist;
				INFOPLIST_KEY_CFBundleDisplayName = FaBoAnalytics_iOS;
				INFOPLIST_KEY_LSApplicationCategoryType = "public.app-category.utilities";
				INFOPLIST_KEY_NSUserTrackingUsageDescription = "We track for research";
				INFOPLIST_KEY_UIApplicationSceneManifest_Generation = YES;
				INFOPLIST_KEY_UIApplicationSupportsIndirectInputEvents = YES;
				INFOPLIST_KEY_UILaunchScreen_Generation = YES;
				INFOPLIST_KEY_UISupportedInterfaceOrientations_iPad = "UIInterfaceOrientationPortrait UIInterfaceOrientationPortraitUpsideDown UIInterfaceOrientationLandscapeLeft UIInterfaceOrientationLandscapeRight";
				INFOPLIST_KEY_UISupportedInterfaceOrientations_iPhone = "UIInterfaceOrientationPortrait UIInterfaceOrientationLandscapeLeft UIInterfaceOrientationLandscapeRight";
				IPHONEOS_DEPLOYMENT_TARGET = 14.5;
				LD_RUNPATH_SEARCH_PATHS = (
					"$(inherited)",
					"@executable_path/Frameworks",
				);
				MARKETING_VERSION = 1.0;
				PRODUCT_BUNDLE_IDENTIFIER = "MeaCulpa.FaBoAnalytics-iOS";
				PRODUCT_NAME = "$(TARGET_NAME)";
				SWIFT_EMIT_LOC_STRINGS = YES;
				SWIFT_VERSION = 5.0;
				TARGETED_DEVICE_FAMILY = "1,2";
			};
			name = Debug;
		};
		5BC2DA262AA733CF0092273F /* Release */ = {
			isa = XCBuildConfiguration;
			buildSettings = {
				ASSETCATALOG_COMPILER_APPICON_NAME = AppIcon;
				ASSETCATALOG_COMPILER_GLOBAL_ACCENT_COLOR_NAME = AccentColor;
				CODE_SIGN_STYLE = Automatic;
				CURRENT_PROJECT_VERSION = 1;
				DEVELOPMENT_ASSET_PATHS = "\"FbAnalytics_iOS/Preview Content\"";
				DEVELOPMENT_TEAM = HZ2922XJM2;
				ENABLE_PREVIEWS = YES;
				GENERATE_INFOPLIST_FILE = YES;
				"INFOPLIST_FILE[sdk=*]" = Info.plist;
				INFOPLIST_KEY_CFBundleDisplayName = FaBoAnalytics_iOS;
				INFOPLIST_KEY_LSApplicationCategoryType = "public.app-category.utilities";
				INFOPLIST_KEY_NSUserTrackingUsageDescription = "We track for research";
				INFOPLIST_KEY_UIApplicationSceneManifest_Generation = YES;
				INFOPLIST_KEY_UIApplicationSupportsIndirectInputEvents = YES;
				INFOPLIST_KEY_UILaunchScreen_Generation = YES;
				INFOPLIST_KEY_UISupportedInterfaceOrientations_iPad = "UIInterfaceOrientationPortrait UIInterfaceOrientationPortraitUpsideDown UIInterfaceOrientationLandscapeLeft UIInterfaceOrientationLandscapeRight";
				INFOPLIST_KEY_UISupportedInterfaceOrientations_iPhone = "UIInterfaceOrientationPortrait UIInterfaceOrientationLandscapeLeft UIInterfaceOrientationLandscapeRight";
				IPHONEOS_DEPLOYMENT_TARGET = 14.5;
				LD_RUNPATH_SEARCH_PATHS = (
					"$(inherited)",
					"@executable_path/Frameworks",
				);
				MARKETING_VERSION = 1.0;
				PRODUCT_BUNDLE_IDENTIFIER = "MeaCulpa.FaBoAnalytics-iOS";
				PRODUCT_NAME = "$(TARGET_NAME)";
				SWIFT_EMIT_LOC_STRINGS = YES;
				SWIFT_VERSION = 5.0;
				TARGETED_DEVICE_FAMILY = "1,2";
			};
			name = Release;
		};
/* End XCBuildConfiguration section */

/* Begin XCConfigurationList section */
		5BC2DA112AA733CD0092273F /* Build configuration list for PBXProject "FbAnalytics_iOS" */ = {
			isa = XCConfigurationList;
			buildConfigurations = (
				5BC2DA222AA733CE0092273F /* Debug */,
				5BC2DA232AA733CF0092273F /* Release */,
			);
			defaultConfigurationIsVisible = 0;
			defaultConfigurationName = Release;
		};
		5BC2DA242AA733CF0092273F /* Build configuration list for PBXNativeTarget "FbAnalytics_iOS" */ = {
			isa = XCConfigurationList;
			buildConfigurations = (
				5BC2DA252AA733CF0092273F /* Debug */,
				5BC2DA262AA733CF0092273F /* Release */,
			);
			defaultConfigurationIsVisible = 0;
			defaultConfigurationName = Release;
		};
/* End XCConfigurationList section */

/* Begin XCRemoteSwiftPackageReference section */
		5BC2DA892AA9EF690092273F /* XCRemoteSwiftPackageReference "facebook-ios-sdk" */ = {
			isa = XCRemoteSwiftPackageReference;
			repositoryURL = "https://github.com/facebook/facebook-ios-sdk";
			requirement = {
				kind = upToNextMajorVersion;
				minimumVersion = 14.0.0;
			};
		};
/* End XCRemoteSwiftPackageReference section */

/* Begin XCSwiftPackageProductDependency section */
		5BC2DA8A2AA9EF690092273F /* FacebookCore */ = {
			isa = XCSwiftPackageProductDependency;
			package = 5BC2DA892AA9EF690092273F /* XCRemoteSwiftPackageReference "facebook-ios-sdk" */;
			productName = FacebookCore;
		};
/* End XCSwiftPackageProductDependency section */
	};
	rootObject = 5BC2DA0E2AA733CD0092273F /* Project object */;
}
